{
  "name": "vidar-node",
  "version": "0.1.0",
  "lockfileVersion": 1,
  "requires": true,
  "dependencies": {
    "vidar": {
      "version": "0.6.0",
      "resolved": "https://registry.npmjs.org/vidar/-/vidar-0.6.0.tgz",
      "integrity": "sha512-kK8WNHFsgxOpoSVCzcbaRxFvkgEpGezhqa11XHWxQ3+1Co+qdEEQR8nrfh0dGivXMlBSd2lCM3+e+fSS1NuyCw=="
    }
  }
}
